// !$*UTF8*$!
{
	archiveVersion = 1;
	classes = {
	};
	objectVersion = 46;
	objects = {

/* Begin PBXBuildFile section */
		5BB058B824D36D3B0064D895 /* SetGame.swift in Sources */ = {isa = PBXBuildFile; fileRef = 5BB058B724D36D3A0064D895 /* SetGame.swift */; };
		5BB058BA24D3727D0064D895 /* GridLayout.swift in Sources */ = {isa = PBXBuildFile; fileRef = 5BB058B924D3727D0064D895 /* GridLayout.swift */; };
		5BB058BC24D372AA0064D895 /* Grid.swift in Sources */ = {isa = PBXBuildFile; fileRef = 5BB058BB24D372AA0064D895 /* Grid.swift */; };
		5BB058BF24D373420064D895 /* Array+Identifiable.swift in Sources */ = {isa = PBXBuildFile; fileRef = 5BB058BE24D373420064D895 /* Array+Identifiable.swift */; };
		5BD6230F24D376CE00E4FACD /* SetViewModel.swift in Sources */ = {isa = PBXBuildFile; fileRef = 5BD6230E24D376CE00E4FACD /* SetViewModel.swift */; };
		C949703AFDCE65BCA2045D66 /* Assets.xcassets in Resources */ = {isa = PBXBuildFile; fileRef = C94978A1776F3A133C582914 /* Assets.xcassets */; };
		C949727E3CFC71E59331D521 /* Preview Assets.xcassets in Resources */ = {isa = PBXBuildFile; fileRef = C949761C92BC33531DC7AE95 /* Preview Assets.xcassets */; };
		C9497381E2F705AFFC67EABB /* MainView.swift in Sources */ = {isa = PBXBuildFile; fileRef = C9497E93772BED8A82F089EE /* MainView.swift */; };
		C9497B0E99F2B9621A91426B /* AppDelegate.swift in Sources */ = {isa = PBXBuildFile; fileRef = C949758420923D01DCE4EB11 /* AppDelegate.swift */; };
		C9497D198043D94A6EBE2D56 /* SceneDelegate.swift in Sources */ = {isa = PBXBuildFile; fileRef = C9497B6314C453C30A2810FA /* SceneDelegate.swift */; };
		C9497E8D26876D589C8D47DD /* LaunchScreen.storyboard in Resources */ = {isa = PBXBuildFile; fileRef = C949734E45FF46F7708C133B /* LaunchScreen.storyboard */; };
/* End PBXBuildFile section */

/* Begin PBXFileReference section */
		5BB058B724D36D3A0064D895 /* SetGame.swift */ = {isa = PBXFileReference; lastKnownFileType = sourcecode.swift; path = SetGame.swift; sourceTree = "<group>"; };
		5BB058B924D3727D0064D895 /* GridLayout.swift */ = {isa = PBXFileReference; lastKnownFileType = sourcecode.swift; path = GridLayout.swift; sourceTree = "<group>"; };
		5BB058BB24D372AA0064D895 /* Grid.swift */ = {isa = PBXFileReference; lastKnownFileType = sourcecode.swift; path = Grid.swift; sourceTree = "<group>"; };
		5BB058BE24D373420064D895 /* Array+Identifiable.swift */ = {isa = PBXFileReference; lastKnownFileType = sourcecode.swift; path = "Array+Identifiable.swift"; sourceTree = "<group>"; };
		5BD6230E24D376CE00E4FACD /* SetViewModel.swift */ = {isa = PBXFileReference; lastKnownFileType = sourcecode.swift; path = SetViewModel.swift; sourceTree = "<group>"; };
		C9497426296515ACB11C3EA7 /* Base */ = {isa = PBXFileReference; lastKnownFileType = file.storyboard; name = Base; path = Base.lproj/LaunchScreen.storyboard; sourceTree = "<group>"; };
		C949758420923D01DCE4EB11 /* AppDelegate.swift */ = {isa = PBXFileReference; lastKnownFileType = sourcecode.swift; path = AppDelegate.swift; sourceTree = "<group>"; };
		C949761C92BC33531DC7AE95 /* Preview Assets.xcassets */ = {isa = PBXFileReference; lastKnownFileType = folder.assetcatalog; path = "Preview Assets.xcassets"; sourceTree = "<group>"; };
		C949775CCD6BB458B660EB0C /* .gitignore */ = {isa = PBXFileReference; lastKnownFileType = file.gitignore; path = .gitignore; sourceTree = "<group>"; };
		C94978A1776F3A133C582914 /* Assets.xcassets */ = {isa = PBXFileReference; lastKnownFileType = folder.assetcatalog; path = Assets.xcassets; sourceTree = "<group>"; };
		C9497B6314C453C30A2810FA /* SceneDelegate.swift */ = {isa = PBXFileReference; lastKnownFileType = sourcecode.swift; path = SceneDelegate.swift; sourceTree = "<group>"; };
		C9497C39036DAB0410CDC987 /* Info.plist */ = {isa = PBXFileReference; lastKnownFileType = text.plist.info; path = Info.plist; sourceTree = "<group>"; };
		C9497CCA84FFFEB65DB45C0E /* Set Game.app */ = {isa = PBXFileReference; explicitFileType = wrapper.application; includeInIndex = 0; path = "Set Game.app"; sourceTree = BUILT_PRODUCTS_DIR; };
		C9497E93772BED8A82F089EE /* MainView.swift */ = {isa = PBXFileReference; lastKnownFileType = sourcecode.swift; path = MainView.swift; sourceTree = "<group>"; };
/* End PBXFileReference section */

/* Begin PBXFrameworksBuildPhase section */
		C9497E0F6A0BC27ADE88E5B8 /* Frameworks */ = {
			isa = PBXFrameworksBuildPhase;
			buildActionMask = 2147483647;
			files = (
			);
			runOnlyForDeploymentPostprocessing = 0;
		};
/* End PBXFrameworksBuildPhase section */

/* Begin PBXGroup section */
		5BB058B324D36CAB0064D895 /* Models */ = {
			isa = PBXGroup;
			children = (
				5BB058B724D36D3A0064D895 /* SetGame.swift */,
			);
			path = Models;
			sourceTree = "<group>";
		};
		5BB058B424D36CB30064D895 /* ViewModel */ = {
			isa = PBXGroup;
			children = (
				5BD6230E24D376CE00E4FACD /* SetViewModel.swift */,
			);
			path = ViewModel;
			sourceTree = "<group>";
		};
		5BB058B524D36CBD0064D895 /* Views */ = {
			isa = PBXGroup;
			children = (
				C9497E93772BED8A82F089EE /* MainView.swift */,
			);
			path = Views;
			sourceTree = "<group>";
		};
		5BB058B624D36CF40064D895 /* Support Views */ = {
			isa = PBXGroup;
			children = (
				5BB058B924D3727D0064D895 /* GridLayout.swift */,
				5BB058BB24D372AA0064D895 /* Grid.swift */,
			);
			path = "Support Views";
			sourceTree = "<group>";
		};
		5BB058BD24D3731D0064D895 /* Extension */ = {
			isa = PBXGroup;
			children = (
				5BB058BE24D373420064D895 /* Array+Identifiable.swift */,
			);
			path = Extension;
			sourceTree = "<group>";
		};
		C94972D79CA9E123C1CF1360 /* Preview Content */ = {
			isa = PBXGroup;
			children = (
				C949761C92BC33531DC7AE95 /* Preview Assets.xcassets */,
			);
			path = "Preview Content";
			sourceTree = "<group>";
		};
		C94975C5689BB78273B9B340 /* Products */ = {
			isa = PBXGroup;
			children = (
				C9497CCA84FFFEB65DB45C0E /* Set Game.app */,
			);
			name = Products;
			sourceTree = "<group>";
		};
		C949761A17C700B884C5054D = {
			isa = PBXGroup;
			children = (
				C94975C5689BB78273B9B340 /* Products */,
				C94978AC79E96AC8372F35EE /* Set Game */,
				C949775CCD6BB458B660EB0C /* .gitignore */,
			);
			sourceTree = "<group>";
		};
		C94978AC79E96AC8372F35EE /* Set Game */ = {
			isa = PBXGroup;
			children = (
				5BB058BD24D3731D0064D895 /* Extension */,
				5BB058B624D36CF40064D895 /* Support Views */,
				5BB058B524D36CBD0064D895 /* Views */,
				5BB058B424D36CB30064D895 /* ViewModel */,
				5BB058B324D36CAB0064D895 /* Models */,
				C9497C39036DAB0410CDC987 /* Info.plist */,
				C94978A1776F3A133C582914 /* Assets.xcassets */,
				C949734E45FF46F7708C133B /* LaunchScreen.storyboard */,
				C949758420923D01DCE4EB11 /* AppDelegate.swift */,
				C9497B6314C453C30A2810FA /* SceneDelegate.swift */,
				C94972D79CA9E123C1CF1360 /* Preview Content */,
			);
			path = "Set Game";
			sourceTree = "<group>";
		};
/* End PBXGroup section */

/* Begin PBXNativeTarget section */
		C9497B336183F9F30F0F6FA2 /* Set Game */ = {
			isa = PBXNativeTarget;
			buildConfigurationList = C949725097852CB36D51592C /* Build configuration list for PBXNativeTarget "Set Game" */;
			buildPhases = (
				C9497806802E1EAA91F56B0F /* Sources */,
				C9497E0F6A0BC27ADE88E5B8 /* Frameworks */,
				C9497D530C086D7A7518479A /* Resources */,
			);
			buildRules = (
			);
			dependencies = (
			);
			name = "Set Game";
			productName = "Set Game";
			productReference = C9497CCA84FFFEB65DB45C0E /* Set Game.app */;
			productType = "com.apple.product-type.application";
		};
/* End PBXNativeTarget section */

/* Begin PBXProject section */
		C94978A0C6C7E198160258EC /* Project object */ = {
			isa = PBXProject;
			attributes = {
				LastUpgradeCheck = 1160;
				ORGANIZATIONNAME = "Aleksey Nikitin";
			};
			buildConfigurationList = C949750E6284B23E9665C036 /* Build configuration list for PBXProject "Set Game" */;
			compatibilityVersion = "Xcode 3.2";
			developmentRegion = en;
			hasScannedForEncodings = 0;
			knownRegions = (
				en,
				Base,
			);
			mainGroup = C949761A17C700B884C5054D;
			productRefGroup = C94975C5689BB78273B9B340 /* Products */;
			projectDirPath = "";
			projectRoot = "";
			targets = (
				C9497B336183F9F30F0F6FA2 /* Set Game */,
			);
		};
/* End PBXProject section */

/* Begin PBXResourcesBuildPhase section */
		C9497D530C086D7A7518479A /* Resources */ = {
			isa = PBXResourcesBuildPhase;
			buildActionMask = 2147483647;
			files = (
				C949703AFDCE65BCA2045D66 /* Assets.xcassets in Resources */,
				C9497E8D26876D589C8D47DD /* LaunchScreen.storyboard in Resources */,
				C949727E3CFC71E59331D521 /* Preview Assets.xcassets in Resources */,
			);
			runOnlyForDeploymentPostprocessing = 0;
		};
/* End PBXResourcesBuildPhase section */

/* Begin PBXSourcesBuildPhase section */
		C9497806802E1EAA91F56B0F /* Sources */ = {
			isa = PBXSourcesBuildPhase;
			buildActionMask = 2147483647;
			files = (
				C9497B0E99F2B9621A91426B /* AppDelegate.swift in Sources */,
				5BB058B824D36D3B0064D895 /* SetGame.swift in Sources */,
				5BB058BA24D3727D0064D895 /* GridLayout.swift in Sources */,
				C9497D198043D94A6EBE2D56 /* SceneDelegate.swift in Sources */,
				C9497381E2F705AFFC67EABB /* MainView.swift in Sources */,
				5BD6230F24D376CE00E4FACD /* SetViewModel.swift in Sources */,
				5BB058BF24D373420064D895 /* Array+Identifiable.swift in Sources */,
				5BB058BC24D372AA0064D895 /* Grid.swift in Sources */,
			);
			runOnlyForDeploymentPostprocessing = 0;
		};
/* End PBXSourcesBuildPhase section */

/* Begin PBXVariantGroup section */
		C949734E45FF46F7708C133B /* LaunchScreen.storyboard */ = {
			isa = PBXVariantGroup;
			children = (
				C9497426296515ACB11C3EA7 /* Base */,
			);
			name = LaunchScreen.storyboard;
			sourceTree = "<group>";
		};
/* End PBXVariantGroup section */

/* Begin XCBuildConfiguration section */
		C9497204B918232DC65375D8 /* Debug */ = {
			isa = XCBuildConfiguration;
			buildSettings = {
				ALWAYS_SEARCH_USER_PATHS = NO;
				CLANG_ANALYZER_LOCALIZABILITY_NONLOCALIZED = YES;
				CLANG_ANALYZER_NONNULL = YES;
				CLANG_ANALYZER_NUMBER_OBJECT_CONVERSION = YES_AGGRESSIVE;
				CLANG_CXX_LANGUAGE_STANDARD = "gnu++14";
				CLANG_CXX_LIBRARY = "libc++";
				CLANG_ENABLE_MODULES = YES;
				CLANG_ENABLE_OBJC_ARC = YES;
				CLANG_ENABLE_OBJC_WEAK = YES;
				CLANG_WARN_BLOCK_CAPTURE_AUTORELEASING = YES;
				CLANG_WARN_BOOL_CONVERSION = YES;
				CLANG_WARN_COMMA = YES;
				CLANG_WARN_CONSTANT_CONVERSION = YES;
				CLANG_WARN_DEPRECATED_OBJC_IMPLEMENTATIONS = YES;
				CLANG_WARN_DIRECT_OBJC_ISA_USAGE = YES_ERROR;
				CLANG_WARN_DOCUMENTATION_COMMENTS = YES;
				CLANG_WARN_EMPTY_BODY = YES;
				CLANG_WARN_ENUM_CONVERSION = YES;
				CLANG_WARN_INFINITE_RECURSION = YES;
				CLANG_WARN_INT_CONVERSION = YES;
				CLANG_WARN_NON_LITERAL_NULL_CONVERSION = YES;
				CLANG_WARN_OBJC_IMPLICIT_RETAIN_SELF = YES;
				CLANG_WARN_OBJC_LITERAL_CONVERSION = YES;
				CLANG_WARN_OBJC_ROOT_CLASS = YES_ERROR;
				CLANG_WARN_RANGE_LOOP_ANALYSIS = YES;
				CLANG_WARN_STRICT_PROTOTYPES = YES;
				CLANG_WARN_SUSPICIOUS_MOVE = YES;
				CLANG_WARN_UNGUARDED_AVAILABILITY = YES_AGGRESSIVE;
				CLANG_WARN_UNREACHABLE_CODE = YES;
				CLANG_WARN__DUPLICATE_METHOD_MATCH = YES;
				COPY_PHASE_STRIP = NO;
				DEBUG_INFORMATION_FORMAT = dwarf;
				ENABLE_STRICT_OBJC_MSGSEND = YES;
				ENABLE_TESTABILITY = YES;
				GCC_C_LANGUAGE_STANDARD = gnu11;
				GCC_DYNAMIC_NO_PIC = NO;
				GCC_NO_COMMON_BLOCKS = YES;
				GCC_OPTIMIZATION_LEVEL = 0;
				GCC_PREPROCESSOR_DEFINITIONS = (
					"DEBUG=1",
					"$(inherited)",
				);
				GCC_WARN_64_TO_32_BIT_CONVERSION = YES;
				GCC_WARN_ABOUT_RETURN_TYPE = YES_ERROR;
				GCC_WARN_UNDECLARED_SELECTOR = YES;
				GCC_WARN_UNINITIALIZED_AUTOS = YES_AGGRESSIVE;
				GCC_WARN_UNUSED_FUNCTION = YES;
				GCC_WARN_UNUSED_VARIABLE = YES;
				IPHONEOS_DEPLOYMENT_TARGET = 13.5;
				MTL_ENABLE_DEBUG_INFO = INCLUDE_SOURCE;
				MTL_FAST_MATH = YES;
				ONLY_ACTIVE_ARCH = YES;
				SDKROOT = iphoneos;
				SWIFT_ACTIVE_COMPILATION_CONDITIONS = DEBUG;
				SWIFT_OPTIMIZATION_LEVEL = "-Onone";
			};
			name = Debug;
		};
		C9497294ECF15A836CE1073C /* Release */ = {
			isa = XCBuildConfiguration;
			buildSettings = {
				ASSETCATALOG_COMPILER_APPICON_NAME = AppIcon;
				DEVELOPMENT_ASSET_PATHS = "\"Set Game/Preview Content\"";
				ENABLE_PREVIEWS = YES;
				INFOPLIST_FILE = "Set Game/Info.plist";
				LD_RUNPATH_SEARCH_PATHS = "$(inherited) @executable_path/Frameworks";
				PRODUCT_BUNDLE_IDENTIFIER = "ru.udm.fateniki.Set-Game";
				PRODUCT_NAME = "$(TARGET_NAME)";
				SWIFT_VERSION = 5.0;
				TARGETED_DEVICE_FAMILY = "1,2";
			};
			name = Release;
		};
		C9497B04CF6454EAC6EDFE48 /* Debug */ = {
			isa = XCBuildConfiguration;
			buildSettings = {
				ASSETCATALOG_COMPILER_APPICON_NAME = AppIcon;
				DEVELOPMENT_ASSET_PATHS = "\"Set Game/Preview Content\"";
				ENABLE_PREVIEWS = YES;
				INFOPLIST_FILE = "Set Game/Info.plist";
				LD_RUNPATH_SEARCH_PATHS = "$(inherited) @executable_path/Frameworks";
				PRODUCT_BUNDLE_IDENTIFIER = "ru.udm.fateniki.Set-Game";
				PRODUCT_NAME = "$(TARGET_NAME)";
				SWIFT_VERSION = 5.0;
				TARGETED_DEVICE_FAMILY = "1,2";
			};
			name = Debug;
		};
		C9497FC083B307E16D904367 /* Release */ = {
			isa = XCBuildConfiguration;
			buildSettings = {
				ALWAYS_SEARCH_USER_PATHS = NO;
				CLANG_ANALYZER_LOCALIZABILITY_NONLOCALIZED = YES;
				CLANG_ANALYZER_NONNULL = YES;
				CLANG_ANALYZER_NUMBER_OBJECT_CONVERSION = YES_AGGRESSIVE;
				CLANG_CXX_LANGUAGE_STANDARD = "gnu++14";
				CLANG_CXX_LIBRARY = "libc++";
				CLANG_ENABLE_MODULES = YES;
				CLANG_ENABLE_OBJC_ARC = YES;
				CLANG_ENABLE_OBJC_WEAK = YES;
				CLANG_WARN_BLOCK_CAPTURE_AUTORELEASING = YES;
				CLANG_WARN_BOOL_CONVERSION = YES;
				CLANG_WARN_COMMA = YES;
				CLANG_WARN_CONSTANT_CONVERSION = YES;
				CLANG_WARN_DEPRECATED_OBJC_IMPLEMENTATIONS = YES;
				CLANG_WARN_DIRECT_OBJC_ISA_USAGE = YES_ERROR;
				CLANG_WARN_DOCUMENTATION_COMMENTS = YES;
				CLANG_WARN_EMPTY_BODY = YES;
				CLANG_WARN_ENUM_CONVERSION = YES;
				CLANG_WARN_INFINITE_RECURSION = YES;
				CLANG_WARN_INT_CONVERSION = YES;
				CLANG_WARN_NON_LITERAL_NULL_CONVERSION = YES;
				CLANG_WARN_OBJC_IMPLICIT_RETAIN_SELF = YES;
				CLANG_WARN_OBJC_LITERAL_CONVERSION = YES;
				CLANG_WARN_OBJC_ROOT_CLASS = YES_ERROR;
				CLANG_WARN_RANGE_LOOP_ANALYSIS = YES;
				CLANG_WARN_STRICT_PROTOTYPES = YES;
				CLANG_WARN_SUSPICIOUS_MOVE = YES;
				CLANG_WARN_UNGUARDED_AVAILABILITY = YES_AGGRESSIVE;
				CLANG_WARN_UNREACHABLE_CODE = YES;
				CLANG_WARN__DUPLICATE_METHOD_MATCH = YES;
				COPY_PHASE_STRIP = NO;
				DEBUG_INFORMATION_FORMAT = "dwarf-with-dsym";
				ENABLE_NS_ASSERTIONS = NO;
				ENABLE_STRICT_OBJC_MSGSEND = YES;
				GCC_C_LANGUAGE_STANDARD = gnu11;
				GCC_NO_COMMON_BLOCKS = YES;
				GCC_WARN_64_TO_32_BIT_CONVERSION = YES;
				GCC_WARN_ABOUT_RETURN_TYPE = YES_ERROR;
				GCC_WARN_UNDECLARED_SELECTOR = YES;
				GCC_WARN_UNINITIALIZED_AUTOS = YES_AGGRESSIVE;
				GCC_WARN_UNUSED_FUNCTION = YES;
				GCC_WARN_UNUSED_VARIABLE = YES;
				IPHONEOS_DEPLOYMENT_TARGET = 13.5;
				MTL_ENABLE_DEBUG_INFO = NO;
				MTL_FAST_MATH = YES;
				SDKROOT = iphoneos;
				SWIFT_OPTIMIZATION_LEVEL = "-Owholemodule";
				VALIDATE_PRODUCT = YES;
			};
			name = Release;
		};
/* End XCBuildConfiguration section */

/* Begin XCConfigurationList section */
		C949725097852CB36D51592C /* Build configuration list for PBXNativeTarget "Set Game" */ = {
			isa = XCConfigurationList;
			buildConfigurations = (
				C9497B04CF6454EAC6EDFE48 /* Debug */,
				C9497294ECF15A836CE1073C /* Release */,
			);
			defaultConfigurationIsVisible = 0;
			defaultConfigurationName = Release;
		};
		C949750E6284B23E9665C036 /* Build configuration list for PBXProject "Set Game" */ = {
			isa = XCConfigurationList;
			buildConfigurations = (
				C9497204B918232DC65375D8 /* Debug */,
				C9497FC083B307E16D904367 /* Release */,
			);
			defaultConfigurationIsVisible = 0;
			defaultConfigurationName = Release;
		};
/* End XCConfigurationList section */
	};
	rootObject = C94978A0C6C7E198160258EC /* Project object */;
}
